
Microsoft Visual Studio Solution File, Format Version 12.00
# Visual Studio Version 17
VisualStudioVersion = 17.8.34525.116
MinimumVisualStudioVersion = 10.0.40219.1
Project("{FAE04EC0-301F-11D3-BF4B-00C04F79EFBC}") = "life-assistant.Server", "life-assistant.Server\life-assistant.Server.csproj", "{4A313AE5-8F9C-46AC-B058-FF7B67395853}"
EndProject
Project("{54A90642-561A-4BB1-A94E-469ADEE60C69}") = "life-assistant.client", "life-assistant.client\life-assistant.client.esproj", "{670102FC-3F73-4489-A735-A4715189B480}"
EndProject
Global
	GlobalSection(SolutionConfigurationPlatforms) = preSolution
		Debug|Any CPU = Debug|Any CPU
		Release|Any CPU = Release|Any CPU
	EndGlobalSection
	GlobalSection(ProjectConfigurationPlatforms) = postSolution
		{4A313AE5-8F9C-46AC-B058-FF7B67395853}.Debug|Any CPU.ActiveCfg = Debug|Any CPU
		{4A313AE5-8F9C-46AC-B058-FF7B67395853}.Debug|Any CPU.Build.0 = Debug|Any CPU
		{4A313AE5-8F9C-46AC-B058-FF7B67395853}.Release|Any CPU.ActiveCfg = Release|Any CPU
		{4A313AE5-8F9C-46AC-B058-FF7B67395853}.Release|Any CPU.Build.0 = Release|Any CPU
		{670102FC-3F73-4489-A735-A4715189B480}.Debug|Any CPU.ActiveCfg = Debug|Any CPU
		{670102FC-3F73-4489-A735-A4715189B480}.Debug|Any CPU.Build.0 = Debug|Any CPU
		{670102FC-3F73-4489-A735-A4715189B480}.Debug|Any CPU.Deploy.0 = Debug|Any CPU
		{670102FC-3F73-4489-A735-A4715189B480}.Release|Any CPU.ActiveCfg = Release|Any CPU
		{670102FC-3F73-4489-A735-A4715189B480}.Release|Any CPU.Build.0 = Release|Any CPU
		{670102FC-3F73-4489-A735-A4715189B480}.Release|Any CPU.Deploy.0 = Release|Any CPU
	EndGlobalSection
	GlobalSection(SolutionProperties) = preSolution
		HideSolutionNode = FALSE
	EndGlobalSection
	GlobalSection(ExtensibilityGlobals) = postSolution
		SolutionGuid = {38164D55-B635-4B0B-848E-8993AE60D661}
	EndGlobalSection
EndGlobal
